
Microsoft Visual Studio Solution File, Format Version 11.00
# Visual Studio 2010
Project("{8BC9CEB8-8B4A-11D0-8D11-00A0C91BC942}") = "rgb_seg", "rgb_seg.vcxproj", "{BF01EED1-9613-4FE1-A094-1C68251E8D6A}"
EndProject
Global
	GlobalSection(SolutionConfigurationPlatforms) = preSolution
		Debug|Win32 = Debug|Win32
		Release|Win32 = Release|Win32
	EndGlobalSection
	GlobalSection(ProjectConfigurationPlatforms) = postSolution
		{BF01EED1-9613-4FE1-A094-1C68251E8D6A}.Debug|Win32.ActiveCfg = Debug|Win32
		{BF01EED1-9613-4FE1-A094-1C68251E8D6A}.Debug|Win32.Build.0 = Debug|Win32
		{BF01EED1-9613-4FE1-A094-1C68251E8D6A}.Release|Win32.ActiveCfg = Release|Win32
		{BF01EED1-9613-4FE1-A094-1C68251E8D6A}.Release|Win32.Build.0 = Release|Win32
	EndGlobalSection
	GlobalSection(SolutionProperties) = preSolution
		HideSolutionNode = FALSE
	EndGlobalSection
EndGlobal
